// !$*UTF8*$!
{
	archiveVersion = 1;
	classes = {
	};
	objectVersion = 48;
	objects = {

/* Begin PBXBuildFile section */
		B01CF0E0C247DD9E51290A68 /* Pods_instaRelief.framework in Frameworks */ = {isa = PBXBuildFile; fileRef = 8BD98AEF161C1A276188BDBF /* Pods_instaRelief.framework */; };
		F91292601F91B54800A0EEB5 /* MessageComposer.swift in Sources */ = {isa = PBXBuildFile; fileRef = F912925F1F91B54800A0EEB5 /* MessageComposer.swift */; };
		F96270741F91AF350043588F /* AppDelegate.swift in Sources */ = {isa = PBXBuildFile; fileRef = F96270731F91AF350043588F /* AppDelegate.swift */; };
		F96270761F91AF350043588F /* OfflineVC.swift in Sources */ = {isa = PBXBuildFile; fileRef = F96270751F91AF350043588F /* OfflineVC.swift */; };
		F96270791F91AF350043588F /* Main.storyboard in Resources */ = {isa = PBXBuildFile; fileRef = F96270771F91AF350043588F /* Main.storyboard */; };
		F962707E1F91AF350043588F /* LaunchScreen.storyboard in Resources */ = {isa = PBXBuildFile; fileRef = F962707C1F91AF350043588F /* LaunchScreen.storyboard */; };
		F9C80AB61F9229C3001E574E /* Constants.swift in Sources */ = {isa = PBXBuildFile; fileRef = F9C80AB51F9229C3001E574E /* Constants.swift */; };
		F9C80AB91F922F6D001E574E /* GoogleService-Info.plist in Resources */ = {isa = PBXBuildFile; fileRef = F9C80AB81F922F6D001E574E /* GoogleService-Info.plist */; };
		F9C9FBAB1F91FB7800B8F653 /* Assets.xcassets in Resources */ = {isa = PBXBuildFile; fileRef = F91292611F91C35A00A0EEB5 /* Assets.xcassets */; };
		F9C9FBAD1F9206D800B8F653 /* OnlineVC.swift in Sources */ = {isa = PBXBuildFile; fileRef = F9C9FBAC1F9206D800B8F653 /* OnlineVC.swift */; };
/* End PBXBuildFile section */

/* Begin PBXFileReference section */
		520A56B8AAA61CE12F28AB78 /* Pods-instaRelief.debug.xcconfig */ = {isa = PBXFileReference; includeInIndex = 1; lastKnownFileType = text.xcconfig; name = "Pods-instaRelief.debug.xcconfig"; path = "Pods/Target Support Files/Pods-instaRelief/Pods-instaRelief.debug.xcconfig"; sourceTree = "<group>"; };
		8BD98AEF161C1A276188BDBF /* Pods_instaRelief.framework */ = {isa = PBXFileReference; explicitFileType = wrapper.framework; includeInIndex = 0; path = Pods_instaRelief.framework; sourceTree = BUILT_PRODUCTS_DIR; };
		96B4EC83C783BF9A4CEA7822 /* Pods-instaRelief.release.xcconfig */ = {isa = PBXFileReference; includeInIndex = 1; lastKnownFileType = text.xcconfig; name = "Pods-instaRelief.release.xcconfig"; path = "Pods/Target Support Files/Pods-instaRelief/Pods-instaRelief.release.xcconfig"; sourceTree = "<group>"; };
		F912925F1F91B54800A0EEB5 /* MessageComposer.swift */ = {isa = PBXFileReference; lastKnownFileType = sourcecode.swift; path = MessageComposer.swift; sourceTree = "<group>"; };
		F91292611F91C35A00A0EEB5 /* Assets.xcassets */ = {isa = PBXFileReference; lastKnownFileType = folder.assetcatalog; path = Assets.xcassets; sourceTree = "<group>"; };
		F96270701F91AF350043588F /* instaRelief.app */ = {isa = PBXFileReference; explicitFileType = wrapper.application; includeInIndex = 0; path = instaRelief.app; sourceTree = BUILT_PRODUCTS_DIR; };
		F96270731F91AF350043588F /* AppDelegate.swift */ = {isa = PBXFileReference; lastKnownFileType = sourcecode.swift; path = AppDelegate.swift; sourceTree = "<group>"; };
		F96270751F91AF350043588F /* OfflineVC.swift */ = {isa = PBXFileReference; lastKnownFileType = sourcecode.swift; path = OfflineVC.swift; sourceTree = "<group>"; };
		F96270781F91AF350043588F /* Base */ = {isa = PBXFileReference; lastKnownFileType = file.storyboard; name = Base; path = Base.lproj/Main.storyboard; sourceTree = "<group>"; };
		F962707D1F91AF350043588F /* Base */ = {isa = PBXFileReference; lastKnownFileType = file.storyboard; name = Base; path = Base.lproj/LaunchScreen.storyboard; sourceTree = "<group>"; };
		F962707F1F91AF350043588F /* Info.plist */ = {isa = PBXFileReference; lastKnownFileType = text.plist.xml; path = Info.plist; sourceTree = "<group>"; };
		F9C80AB51F9229C3001E574E /* Constants.swift */ = {isa = PBXFileReference; lastKnownFileType = sourcecode.swift; path = Constants.swift; sourceTree = "<group>"; };
		F9C80AB81F922F6D001E574E /* GoogleService-Info.plist */ = {isa = PBXFileReference; fileEncoding = 4; lastKnownFileType = text.plist.xml; path = "GoogleService-Info.plist"; sourceTree = "<group>"; };
		F9C9FBAC1F9206D800B8F653 /* OnlineVC.swift */ = {isa = PBXFileReference; lastKnownFileType = sourcecode.swift; path = OnlineVC.swift; sourceTree = "<group>"; };
/* End PBXFileReference section */

/* Begin PBXFrameworksBuildPhase section */
		F962706D1F91AF350043588F /* Frameworks */ = {
			isa = PBXFrameworksBuildPhase;
			buildActionMask = 2147483647;
			files = (
				B01CF0E0C247DD9E51290A68 /* Pods_instaRelief.framework in Frameworks */,
			);
			runOnlyForDeploymentPostprocessing = 0;
		};
/* End PBXFrameworksBuildPhase section */

/* Begin PBXGroup section */
		14076C379E1417F499C99A67 /* Frameworks */ = {
			isa = PBXGroup;
			children = (
				8BD98AEF161C1A276188BDBF /* Pods_instaRelief.framework */,
			);
			name = Frameworks;
			sourceTree = "<group>";
		};
		8CAC6F5CB7663F017FEA017D /* Pods */ = {
			isa = PBXGroup;
			children = (
				520A56B8AAA61CE12F28AB78 /* Pods-instaRelief.debug.xcconfig */,
				96B4EC83C783BF9A4CEA7822 /* Pods-instaRelief.release.xcconfig */,
			);
			name = Pods;
			sourceTree = "<group>";
		};
		F96270671F91AF350043588F = {
			isa = PBXGroup;
			children = (
				F96270721F91AF350043588F /* instaRelief */,
				F96270711F91AF350043588F /* Products */,
				8CAC6F5CB7663F017FEA017D /* Pods */,
				14076C379E1417F499C99A67 /* Frameworks */,
			);
			sourceTree = "<group>";
		};
		F96270711F91AF350043588F /* Products */ = {
			isa = PBXGroup;
			children = (
				F96270701F91AF350043588F /* instaRelief.app */,
			);
			name = Products;
			sourceTree = "<group>";
		};
		F96270721F91AF350043588F /* instaRelief */ = {
			isa = PBXGroup;
			children = (
				F9C80AB81F922F6D001E574E /* GoogleService-Info.plist */,
				F9C9FBAA1F91F64200B8F653 /* Model */,
				F9C9FBA91F91F63D00B8F653 /* View */,
				F9C9FBA81F91F63600B8F653 /* Controller */,
				F96270731F91AF350043588F /* AppDelegate.swift */,
				F9C80AB51F9229C3001E574E /* Constants.swift */,
				F91292611F91C35A00A0EEB5 /* Assets.xcassets */,
				F96270771F91AF350043588F /* Main.storyboard */,
				F962707C1F91AF350043588F /* LaunchScreen.storyboard */,
				F962707F1F91AF350043588F /* Info.plist */,
			);
			path = instaRelief;
			sourceTree = "<group>";
		};
		F9C9FBA81F91F63600B8F653 /* Controller */ = {
			isa = PBXGroup;
			children = (
				F96270751F91AF350043588F /* OfflineVC.swift */,
				F9C9FBAC1F9206D800B8F653 /* OnlineVC.swift */,
			);
			path = Controller;
			sourceTree = "<group>";
		};
		F9C9FBA91F91F63D00B8F653 /* View */ = {
			isa = PBXGroup;
			children = (
			);
			path = View;
			sourceTree = "<group>";
		};
		F9C9FBAA1F91F64200B8F653 /* Model */ = {
			isa = PBXGroup;
			children = (
				F912925F1F91B54800A0EEB5 /* MessageComposer.swift */,
			);
			path = Model;
			sourceTree = "<group>";
		};
/* End PBXGroup section */

/* Begin PBXNativeTarget section */
		F962706F1F91AF350043588F /* instaRelief */ = {
			isa = PBXNativeTarget;
			buildConfigurationList = F96270821F91AF350043588F /* Build configuration list for PBXNativeTarget "instaRelief" */;
			buildPhases = (
				5FA4CEBBAED843333C794B72 /* [CP] Check Pods Manifest.lock */,
				F962706C1F91AF350043588F /* Sources */,
				F962706D1F91AF350043588F /* Frameworks */,
				F962706E1F91AF350043588F /* Resources */,
				1CEEBC4FD2D1C4D7CB15F88D /* [CP] Embed Pods Frameworks */,
				C2A30BEF1DAD077D1BC484BD /* [CP] Copy Pods Resources */,
			);
			buildRules = (
			);
			dependencies = (
			);
			name = instaRelief;
			productName = instaRelief;
			productReference = F96270701F91AF350043588F /* instaRelief.app */;
			productType = "com.apple.product-type.application";
		};
/* End PBXNativeTarget section */

/* Begin PBXProject section */
		F96270681F91AF350043588F /* Project object */ = {
			isa = PBXProject;
			attributes = {
				LastSwiftUpdateCheck = 0900;
				LastUpgradeCheck = 0900;
				ORGANIZATIONNAME = markrassamni;
				TargetAttributes = {
					F962706F1F91AF350043588F = {
						CreatedOnToolsVersion = 9.0;
						ProvisioningStyle = Automatic;
						SystemCapabilities = {
							com.apple.BackgroundModes = {
								enabled = 1;
							};
						};
					};
				};
			};
			buildConfigurationList = F962706B1F91AF350043588F /* Build configuration list for PBXProject "instaRelief" */;
			compatibilityVersion = "Xcode 8.0";
			developmentRegion = en;
			hasScannedForEncodings = 0;
			knownRegions = (
				en,
				Base,
			);
			mainGroup = F96270671F91AF350043588F;
			productRefGroup = F96270711F91AF350043588F /* Products */;
			projectDirPath = "";
			projectRoot = "";
			targets = (
				F962706F1F91AF350043588F /* instaRelief */,
			);
		};
/* End PBXProject section */

/* Begin PBXResourcesBuildPhase section */
		F962706E1F91AF350043588F /* Resources */ = {
			isa = PBXResourcesBuildPhase;
			buildActionMask = 2147483647;
			files = (
				F962707E1F91AF350043588F /* LaunchScreen.storyboard in Resources */,
				F9C80AB91F922F6D001E574E /* GoogleService-Info.plist in Resources */,
				F9C9FBAB1F91FB7800B8F653 /* Assets.xcassets in Resources */,
				F96270791F91AF350043588F /* Main.storyboard in Resources */,
			);
			runOnlyForDeploymentPostprocessing = 0;
		};
/* End PBXResourcesBuildPhase section */

/* Begin PBXShellScriptBuildPhase section */
		1CEEBC4FD2D1C4D7CB15F88D /* [CP] Embed Pods Frameworks */ = {
			isa = PBXShellScriptBuildPhase;
			buildActionMask = 2147483647;
			files = (
			);
			inputPaths = (
			);
			name = "[CP] Embed Pods Frameworks";
			outputPaths = (
			);
			runOnlyForDeploymentPostprocessing = 0;
			shellPath = /bin/sh;
			shellScript = "\"${SRCROOT}/Pods/Target Support Files/Pods-instaRelief/Pods-instaRelief-frameworks.sh\"\n";
			showEnvVarsInLog = 0;
		};
		5FA4CEBBAED843333C794B72 /* [CP] Check Pods Manifest.lock */ = {
			isa = PBXShellScriptBuildPhase;
			buildActionMask = 2147483647;
			files = (
			);
			inputPaths = (
			);
			name = "[CP] Check Pods Manifest.lock";
			outputPaths = (
			);
			runOnlyForDeploymentPostprocessing = 0;
			shellPath = /bin/sh;
			shellScript = "diff \"${PODS_ROOT}/../Podfile.lock\" \"${PODS_ROOT}/Manifest.lock\" > /dev/null\nif [ $? != 0 ] ; then\n    # print error to STDERR\n    echo \"error: The sandbox is not in sync with the Podfile.lock. Run 'pod install' or update your CocoaPods installation.\" >&2\n    exit 1\nfi\n";
			showEnvVarsInLog = 0;
		};
		C2A30BEF1DAD077D1BC484BD /* [CP] Copy Pods Resources */ = {
			isa = PBXShellScriptBuildPhase;
			buildActionMask = 2147483647;
			files = (
			);
			inputPaths = (
			);
			name = "[CP] Copy Pods Resources";
			outputPaths = (
			);
			runOnlyForDeploymentPostprocessing = 0;
			shellPath = /bin/sh;
			shellScript = "\"${SRCROOT}/Pods/Target Support Files/Pods-instaRelief/Pods-instaRelief-resources.sh\"\n";
			showEnvVarsInLog = 0;
		};
/* End PBXShellScriptBuildPhase section */

/* Begin PBXSourcesBuildPhase section */
		F962706C1F91AF350043588F /* Sources */ = {
			isa = PBXSourcesBuildPhase;
			buildActionMask = 2147483647;
			files = (
				F9C80AB61F9229C3001E574E /* Constants.swift in Sources */,
				F91292601F91B54800A0EEB5 /* MessageComposer.swift in Sources */,
				F96270761F91AF350043588F /* OfflineVC.swift in Sources */,
				F96270741F91AF350043588F /* AppDelegate.swift in Sources */,
				F9C9FBAD1F9206D800B8F653 /* OnlineVC.swift in Sources */,
			);
			runOnlyForDeploymentPostprocessing = 0;
		};
/* End PBXSourcesBuildPhase section */

/* Begin PBXVariantGroup section */
		F96270771F91AF350043588F /* Main.storyboard */ = {
			isa = PBXVariantGroup;
			children = (
				F96270781F91AF350043588F /* Base */,
			);
			name = Main.storyboard;
			sourceTree = "<group>";
		};
		F962707C1F91AF350043588F /* LaunchScreen.storyboard */ = {
			isa = PBXVariantGroup;
			children = (
				F962707D1F91AF350043588F /* Base */,
			);
			name = LaunchScreen.storyboard;
			sourceTree = "<group>";
		};
/* End PBXVariantGroup section */

/* Begin XCBuildConfiguration section */
		F96270801F91AF350043588F /* Debug */ = {
			isa = XCBuildConfiguration;
			buildSettings = {
				ALWAYS_SEARCH_USER_PATHS = NO;
				CLANG_ANALYZER_NONNULL = YES;
				CLANG_ANALYZER_NUMBER_OBJECT_CONVERSION = YES_AGGRESSIVE;
				CLANG_CXX_LANGUAGE_STANDARD = "gnu++14";
				CLANG_CXX_LIBRARY = "libc++";
				CLANG_ENABLE_MODULES = YES;
				CLANG_ENABLE_OBJC_ARC = YES;
				CLANG_WARN_BLOCK_CAPTURE_AUTORELEASING = YES;
				CLANG_WARN_BOOL_CONVERSION = YES;
				CLANG_WARN_COMMA = YES;
				CLANG_WARN_CONSTANT_CONVERSION = YES;
				CLANG_WARN_DIRECT_OBJC_ISA_USAGE = YES_ERROR;
				CLANG_WARN_DOCUMENTATION_COMMENTS = YES;
				CLANG_WARN_EMPTY_BODY = YES;
				CLANG_WARN_ENUM_CONVERSION = YES;
				CLANG_WARN_INFINITE_RECURSION = YES;
				CLANG_WARN_INT_CONVERSION = YES;
				CLANG_WARN_NON_LITERAL_NULL_CONVERSION = YES;
				CLANG_WARN_OBJC_LITERAL_CONVERSION = YES;
				CLANG_WARN_OBJC_ROOT_CLASS = YES_ERROR;
				CLANG_WARN_RANGE_LOOP_ANALYSIS = YES;
				CLANG_WARN_STRICT_PROTOTYPES = YES;
				CLANG_WARN_SUSPICIOUS_MOVE = YES;
				CLANG_WARN_UNGUARDED_AVAILABILITY = YES_AGGRESSIVE;
				CLANG_WARN_UNREACHABLE_CODE = YES;
				CLANG_WARN__DUPLICATE_METHOD_MATCH = YES;
				CODE_SIGN_IDENTITY = "iPhone Developer";
				COPY_PHASE_STRIP = NO;
				DEBUG_INFORMATION_FORMAT = dwarf;
				ENABLE_STRICT_OBJC_MSGSEND = YES;
				ENABLE_TESTABILITY = YES;
				GCC_C_LANGUAGE_STANDARD = gnu11;
				GCC_DYNAMIC_NO_PIC = NO;
				GCC_NO_COMMON_BLOCKS = YES;
				GCC_OPTIMIZATION_LEVEL = 0;
				GCC_PREPROCESSOR_DEFINITIONS = (
					"DEBUG=1",
					"$(inherited)",
				);
				GCC_WARN_64_TO_32_BIT_CONVERSION = YES;
				GCC_WARN_ABOUT_RETURN_TYPE = YES_ERROR;
				GCC_WARN_UNDECLARED_SELECTOR = YES;
				GCC_WARN_UNINITIALIZED_AUTOS = YES_AGGRESSIVE;
				GCC_WARN_UNUSED_FUNCTION = YES;
				GCC_WARN_UNUSED_VARIABLE = YES;
				IPHONEOS_DEPLOYMENT_TARGET = 11.0;
				MTL_ENABLE_DEBUG_INFO = YES;
				ONLY_ACTIVE_ARCH = YES;
				SDKROOT = iphoneos;
				SWIFT_ACTIVE_COMPILATION_CONDITIONS = DEBUG;
				SWIFT_OPTIMIZATION_LEVEL = "-Onone";
			};
			name = Debug;
		};
		F96270811F91AF350043588F /* Release */ = {
			isa = XCBuildConfiguration;
			buildSettings = {
				ALWAYS_SEARCH_USER_PATHS = NO;
				CLANG_ANALYZER_NONNULL = YES;
				CLANG_ANALYZER_NUMBER_OBJECT_CONVERSION = YES_AGGRESSIVE;
				CLANG_CXX_LANGUAGE_STANDARD = "gnu++14";
				CLANG_CXX_LIBRARY = "libc++";
				CLANG_ENABLE_MODULES = YES;
				CLANG_ENABLE_OBJC_ARC = YES;
				CLANG_WARN_BLOCK_CAPTURE_AUTORELEASING = YES;
				CLANG_WARN_BOOL_CONVERSION = YES;
				CLANG_WARN_COMMA = YES;
				CLANG_WARN_CONSTANT_CONVERSION = YES;
				CLANG_WARN_DIRECT_OBJC_ISA_USAGE = YES_ERROR;
				CLANG_WARN_DOCUMENTATION_COMMENTS = YES;
				CLANG_WARN_EMPTY_BODY = YES;
				CLANG_WARN_ENUM_CONVERSION = YES;
				CLANG_WARN_INFINITE_RECURSION = YES;
				CLANG_WARN_INT_CONVERSION = YES;
				CLANG_WARN_NON_LITERAL_NULL_CONVERSION = YES;
				CLANG_WARN_OBJC_LITERAL_CONVERSION = YES;
				CLANG_WARN_OBJC_ROOT_CLASS = YES_ERROR;
				CLANG_WARN_RANGE_LOOP_ANALYSIS = YES;
				CLANG_WARN_STRICT_PROTOTYPES = YES;
				CLANG_WARN_SUSPICIOUS_MOVE = YES;
				CLANG_WARN_UNGUARDED_AVAILABILITY = YES_AGGRESSIVE;
				CLANG_WARN_UNREACHABLE_CODE = YES;
				CLANG_WARN__DUPLICATE_METHOD_MATCH = YES;
				CODE_SIGN_IDENTITY = "iPhone Developer";
				COPY_PHASE_STRIP = NO;
				DEBUG_INFORMATION_FORMAT = "dwarf-with-dsym";
				ENABLE_NS_ASSERTIONS = NO;
				ENABLE_STRICT_OBJC_MSGSEND = YES;
				GCC_C_LANGUAGE_STANDARD = gnu11;
				GCC_NO_COMMON_BLOCKS = YES;
				GCC_WARN_64_TO_32_BIT_CONVERSION = YES;
				GCC_WARN_ABOUT_RETURN_TYPE = YES_ERROR;
				GCC_WARN_UNDECLARED_SELECTOR = YES;
				GCC_WARN_UNINITIALIZED_AUTOS = YES_AGGRESSIVE;
				GCC_WARN_UNUSED_FUNCTION = YES;
				GCC_WARN_UNUSED_VARIABLE = YES;
				IPHONEOS_DEPLOYMENT_TARGET = 11.0;
				MTL_ENABLE_DEBUG_INFO = NO;
				SDKROOT = iphoneos;
				SWIFT_OPTIMIZATION_LEVEL = "-Owholemodule";
				VALIDATE_PRODUCT = YES;
			};
			name = Release;
		};
		F96270831F91AF350043588F /* Debug */ = {
			isa = XCBuildConfiguration;
			baseConfigurationReference = 520A56B8AAA61CE12F28AB78 /* Pods-instaRelief.debug.xcconfig */;
			buildSettings = {
				ASSETCATALOG_COMPILER_APPICON_NAME = AppIcon;
				ASSETCATALOG_COMPILER_LAUNCHIMAGE_NAME = LaunchImage;
				CODE_SIGN_STYLE = Automatic;
				DEVELOPMENT_TEAM = VBN5K8MF76;
				INFOPLIST_FILE = instaRelief/Info.plist;
				IPHONEOS_DEPLOYMENT_TARGET = 10.0;
				LD_RUNPATH_SEARCH_PATHS = "$(inherited) @executable_path/Frameworks";
				PRODUCT_BUNDLE_IDENTIFIER = com.markrassamni.instaRelief;
				PRODUCT_NAME = "$(TARGET_NAME)";
				SWIFT_VERSION = 4.0;
				TARGETED_DEVICE_FAMILY = "1,2";
			};
			name = Debug;
		};
		F96270841F91AF350043588F /* Release */ = {
			isa = XCBuildConfiguration;
			baseConfigurationReference = 96B4EC83C783BF9A4CEA7822 /* Pods-instaRelief.release.xcconfig */;
			buildSettings = {
				ASSETCATALOG_COMPILER_APPICON_NAME = AppIcon;
				ASSETCATALOG_COMPILER_LAUNCHIMAGE_NAME = LaunchImage;
				CODE_SIGN_STYLE = Automatic;
				DEVELOPMENT_TEAM = VBN5K8MF76;
				INFOPLIST_FILE = instaRelief/Info.plist;
				IPHONEOS_DEPLOYMENT_TARGET = 10.0;
				LD_RUNPATH_SEARCH_PATHS = "$(inherited) @executable_path/Frameworks";
				PRODUCT_BUNDLE_IDENTIFIER = com.markrassamni.instaRelief;
				PRODUCT_NAME = "$(TARGET_NAME)";
				SWIFT_VERSION = 4.0;
				TARGETED_DEVICE_FAMILY = "1,2";
			};
			name = Release;
		};
/* End XCBuildConfiguration section */

/* Begin XCConfigurationList section */
		F962706B1F91AF350043588F /* Build configuration list for PBXProject "instaRelief" */ = {
			isa = XCConfigurationList;
			buildConfigurations = (
				F96270801F91AF350043588F /* Debug */,
				F96270811F91AF350043588F /* Release */,
			);
			defaultConfigurationIsVisible = 0;
			defaultConfigurationName = Release;
		};
		F96270821F91AF350043588F /* Build configuration list for PBXNativeTarget "instaRelief" */ = {
			isa = XCConfigurationList;
			buildConfigurations = (
				F96270831F91AF350043588F /* Debug */,
				F96270841F91AF350043588F /* Release */,
			);
			defaultConfigurationIsVisible = 0;
			defaultConfigurationName = Release;
		};
/* End XCConfigurationList section */
	};
	rootObject = F96270681F91AF350043588F /* Project object */;
}
